
Microsoft Visual Studio Solution File, Format Version 12.00
# Visual Studio 2012
Project("{FAE04EC0-301F-11D3-BF4B-00C04F79EFBC}") = "Pancakes", "Pancakes\Pancakes.csproj", "{2B6ED91A-7180-419C-B5A4-1A6F2148B6A5}"
EndProject
Project("{FAE04EC0-301F-11D3-BF4B-00C04F79EFBC}") = "Pancakes.Tests", "Pancakes.Tests\Pancakes.Tests.csproj", "{C31AFE95-C434-4B9F-999E-7C031E574F7E}"
EndProject
Project("{FAE04EC0-301F-11D3-BF4B-00C04F79EFBC}") = "Pancakes.Console", "Pancakes.Console\Pancakes.Console.csproj", "{F33B789D-013E-44B2-A5EE-C39EE7E60331}"
EndProject
Global
	GlobalSection(SolutionConfigurationPlatforms) = preSolution
		Debug|Any CPU = Debug|Any CPU
		Release|Any CPU = Release|Any CPU
	EndGlobalSection
	GlobalSection(ProjectConfigurationPlatforms) = postSolution
		{2B6ED91A-7180-419C-B5A4-1A6F2148B6A5}.Debug|Any CPU.ActiveCfg = Debug|Any CPU
		{2B6ED91A-7180-419C-B5A4-1A6F2148B6A5}.Debug|Any CPU.Build.0 = Debug|Any CPU
		{2B6ED91A-7180-419C-B5A4-1A6F2148B6A5}.Release|Any CPU.ActiveCfg = Release|Any CPU
		{2B6ED91A-7180-419C-B5A4-1A6F2148B6A5}.Release|Any CPU.Build.0 = Release|Any CPU
		{C31AFE95-C434-4B9F-999E-7C031E574F7E}.Debug|Any CPU.ActiveCfg = Debug|Any CPU
		{C31AFE95-C434-4B9F-999E-7C031E574F7E}.Debug|Any CPU.Build.0 = Debug|Any CPU
		{C31AFE95-C434-4B9F-999E-7C031E574F7E}.Release|Any CPU.ActiveCfg = Release|Any CPU
		{C31AFE95-C434-4B9F-999E-7C031E574F7E}.Release|Any CPU.Build.0 = Release|Any CPU
		{F33B789D-013E-44B2-A5EE-C39EE7E60331}.Debug|Any CPU.ActiveCfg = Debug|Any CPU
		{F33B789D-013E-44B2-A5EE-C39EE7E60331}.Debug|Any CPU.Build.0 = Debug|Any CPU
		{F33B789D-013E-44B2-A5EE-C39EE7E60331}.Release|Any CPU.ActiveCfg = Release|Any CPU
		{F33B789D-013E-44B2-A5EE-C39EE7E60331}.Release|Any CPU.Build.0 = Release|Any CPU
	EndGlobalSection
	GlobalSection(SolutionProperties) = preSolution
		HideSolutionNode = FALSE
	EndGlobalSection
EndGlobal
