
Microsoft Visual Studio Solution File, Format Version 11.00
# Visual Studio 2010
Project("{FAE04EC0-301F-11D3-BF4B-00C04F79EFBC}") = "DeceitfulWar", "DeceitfulWar\DeceitfulWar.csproj", "{CFBC9195-A3E2-4496-85E6-4D681701BCDF}"
EndProject
Project("{FAE04EC0-301F-11D3-BF4B-00C04F79EFBC}") = "DeceitfulWar.Tests", "DeceitfulWar.Tests\DeceitfulWar.Tests.csproj", "{794BE841-07E5-4590-B69D-CD98DE4C543F}"
EndProject
Project("{2150E333-8FDC-42A3-9474-1A3956D46DE8}") = "Solution Items", "Solution Items", "{9F5A4A7D-7405-4CEE-965B-798B9561268B}"
	ProjectSection(SolutionItems) = preProject
		DeceitfulWar.vsmdi = DeceitfulWar.vsmdi
		Local.testsettings = Local.testsettings
		TraceAndTestImpact.testsettings = TraceAndTestImpact.testsettings
	EndProjectSection
EndProject
Project("{FAE04EC0-301F-11D3-BF4B-00C04F79EFBC}") = "DeceitfulWar.Console", "DeceitfulWar.Console\DeceitfulWar.Console.csproj", "{6B06765A-975B-42A4-A8F6-AAF8F2403CCB}"
EndProject
Global
	GlobalSection(TestCaseManagementSettings) = postSolution
		CategoryFile = DeceitfulWar.vsmdi
	EndGlobalSection
	GlobalSection(SolutionConfigurationPlatforms) = preSolution
		Debug|Any CPU = Debug|Any CPU
		Debug|Mixed Platforms = Debug|Mixed Platforms
		Debug|x86 = Debug|x86
		Release|Any CPU = Release|Any CPU
		Release|Mixed Platforms = Release|Mixed Platforms
		Release|x86 = Release|x86
	EndGlobalSection
	GlobalSection(ProjectConfigurationPlatforms) = postSolution
		{CFBC9195-A3E2-4496-85E6-4D681701BCDF}.Debug|Any CPU.ActiveCfg = Debug|Any CPU
		{CFBC9195-A3E2-4496-85E6-4D681701BCDF}.Debug|Any CPU.Build.0 = Debug|Any CPU
		{CFBC9195-A3E2-4496-85E6-4D681701BCDF}.Debug|Mixed Platforms.ActiveCfg = Debug|Any CPU
		{CFBC9195-A3E2-4496-85E6-4D681701BCDF}.Debug|Mixed Platforms.Build.0 = Debug|Any CPU
		{CFBC9195-A3E2-4496-85E6-4D681701BCDF}.Debug|x86.ActiveCfg = Debug|Any CPU
		{CFBC9195-A3E2-4496-85E6-4D681701BCDF}.Release|Any CPU.ActiveCfg = Release|Any CPU
		{CFBC9195-A3E2-4496-85E6-4D681701BCDF}.Release|Any CPU.Build.0 = Release|Any CPU
		{CFBC9195-A3E2-4496-85E6-4D681701BCDF}.Release|Mixed Platforms.ActiveCfg = Release|Any CPU
		{CFBC9195-A3E2-4496-85E6-4D681701BCDF}.Release|Mixed Platforms.Build.0 = Release|Any CPU
		{CFBC9195-A3E2-4496-85E6-4D681701BCDF}.Release|x86.ActiveCfg = Release|Any CPU
		{794BE841-07E5-4590-B69D-CD98DE4C543F}.Debug|Any CPU.ActiveCfg = Debug|Any CPU
		{794BE841-07E5-4590-B69D-CD98DE4C543F}.Debug|Any CPU.Build.0 = Debug|Any CPU
		{794BE841-07E5-4590-B69D-CD98DE4C543F}.Debug|Mixed Platforms.ActiveCfg = Debug|Any CPU
		{794BE841-07E5-4590-B69D-CD98DE4C543F}.Debug|Mixed Platforms.Build.0 = Debug|Any CPU
		{794BE841-07E5-4590-B69D-CD98DE4C543F}.Debug|x86.ActiveCfg = Debug|Any CPU
		{794BE841-07E5-4590-B69D-CD98DE4C543F}.Release|Any CPU.ActiveCfg = Release|Any CPU
		{794BE841-07E5-4590-B69D-CD98DE4C543F}.Release|Any CPU.Build.0 = Release|Any CPU
		{794BE841-07E5-4590-B69D-CD98DE4C543F}.Release|Mixed Platforms.ActiveCfg = Release|Any CPU
		{794BE841-07E5-4590-B69D-CD98DE4C543F}.Release|Mixed Platforms.Build.0 = Release|Any CPU
		{794BE841-07E5-4590-B69D-CD98DE4C543F}.Release|x86.ActiveCfg = Release|Any CPU
		{6B06765A-975B-42A4-A8F6-AAF8F2403CCB}.Debug|Any CPU.ActiveCfg = Debug|x86
		{6B06765A-975B-42A4-A8F6-AAF8F2403CCB}.Debug|Mixed Platforms.ActiveCfg = Debug|x86
		{6B06765A-975B-42A4-A8F6-AAF8F2403CCB}.Debug|Mixed Platforms.Build.0 = Debug|x86
		{6B06765A-975B-42A4-A8F6-AAF8F2403CCB}.Debug|x86.ActiveCfg = Debug|x86
		{6B06765A-975B-42A4-A8F6-AAF8F2403CCB}.Debug|x86.Build.0 = Debug|x86
		{6B06765A-975B-42A4-A8F6-AAF8F2403CCB}.Release|Any CPU.ActiveCfg = Release|x86
		{6B06765A-975B-42A4-A8F6-AAF8F2403CCB}.Release|Mixed Platforms.ActiveCfg = Release|x86
		{6B06765A-975B-42A4-A8F6-AAF8F2403CCB}.Release|Mixed Platforms.Build.0 = Release|x86
		{6B06765A-975B-42A4-A8F6-AAF8F2403CCB}.Release|x86.ActiveCfg = Release|x86
		{6B06765A-975B-42A4-A8F6-AAF8F2403CCB}.Release|x86.Build.0 = Release|x86
	EndGlobalSection
	GlobalSection(SolutionProperties) = preSolution
		HideSolutionNode = FALSE
	EndGlobalSection
EndGlobal
