
Microsoft Visual Studio Solution File, Format Version 11.00
# Visual Studio 2010
Project("{FAE04EC0-301F-11D3-BF4B-00C04F79EFBC}") = "Ventas", "Ventas\Ventas.csproj", "{0AA29BA9-2C8A-45AC-BAA9-F8F7A1E3E0BE}"
EndProject
Project("{FAE04EC0-301F-11D3-BF4B-00C04F79EFBC}") = "Ventas.Tests", "Ventas.Tests\Ventas.Tests.csproj", "{60EA74DE-6AA5-488B-9A3D-A51F052E868E}"
EndProject
Project("{2150E333-8FDC-42A3-9474-1A3956D46DE8}") = "Solution Items", "Solution Items", "{F3789864-4D8A-4B65-8120-BC790E4B3403}"
	ProjectSection(SolutionItems) = preProject
		Local.testsettings = Local.testsettings
		TraceAndTestImpact.testsettings = TraceAndTestImpact.testsettings
		Ventas.vsmdi = Ventas.vsmdi
	EndProjectSection
EndProject
Global
	GlobalSection(TestCaseManagementSettings) = postSolution
		CategoryFile = Ventas.vsmdi
	EndGlobalSection
	GlobalSection(SolutionConfigurationPlatforms) = preSolution
		Debug|Any CPU = Debug|Any CPU
		Release|Any CPU = Release|Any CPU
	EndGlobalSection
	GlobalSection(ProjectConfigurationPlatforms) = postSolution
		{0AA29BA9-2C8A-45AC-BAA9-F8F7A1E3E0BE}.Debug|Any CPU.ActiveCfg = Debug|Any CPU
		{0AA29BA9-2C8A-45AC-BAA9-F8F7A1E3E0BE}.Debug|Any CPU.Build.0 = Debug|Any CPU
		{0AA29BA9-2C8A-45AC-BAA9-F8F7A1E3E0BE}.Release|Any CPU.ActiveCfg = Release|Any CPU
		{0AA29BA9-2C8A-45AC-BAA9-F8F7A1E3E0BE}.Release|Any CPU.Build.0 = Release|Any CPU
		{60EA74DE-6AA5-488B-9A3D-A51F052E868E}.Debug|Any CPU.ActiveCfg = Debug|Any CPU
		{60EA74DE-6AA5-488B-9A3D-A51F052E868E}.Debug|Any CPU.Build.0 = Debug|Any CPU
		{60EA74DE-6AA5-488B-9A3D-A51F052E868E}.Release|Any CPU.ActiveCfg = Release|Any CPU
		{60EA74DE-6AA5-488B-9A3D-A51F052E868E}.Release|Any CPU.Build.0 = Release|Any CPU
	EndGlobalSection
	GlobalSection(SolutionProperties) = preSolution
		HideSolutionNode = FALSE
	EndGlobalSection
EndGlobal
