
Microsoft Visual Studio Solution File, Format Version 11.00
# Visual Studio 2010
Project("{FAE04EC0-301F-11D3-BF4B-00C04F79EFBC}") = "Minesweeper", "Minesweeper\Minesweeper.csproj", "{417A5BB3-A377-4224-905F-0244E66A8587}"
EndProject
Project("{FAE04EC0-301F-11D3-BF4B-00C04F79EFBC}") = "Minesweeper.Tests", "Minesweeper.Tests\Minesweeper.Tests.csproj", "{B048855F-0739-4FB9-8141-052C7D5C0557}"
EndProject
Project("{2150E333-8FDC-42A3-9474-1A3956D46DE8}") = "Solution Items", "Solution Items", "{6171D65A-D6AF-41B3-B38B-3BBD8F08AB3E}"
	ProjectSection(SolutionItems) = preProject
		Local.testsettings = Local.testsettings
		Minesweeper.vsmdi = Minesweeper.vsmdi
		TraceAndTestImpact.testsettings = TraceAndTestImpact.testsettings
	EndProjectSection
EndProject
Project("{FAE04EC0-301F-11D3-BF4B-00C04F79EFBC}") = "Minesweeper.Console", "Minesweeper.Console\Minesweeper.Console.csproj", "{B1D7C162-0A46-4DE4-A24C-55143C369497}"
EndProject
Global
	GlobalSection(TestCaseManagementSettings) = postSolution
		CategoryFile = Minesweeper.vsmdi
	EndGlobalSection
	GlobalSection(SolutionConfigurationPlatforms) = preSolution
		Debug|Any CPU = Debug|Any CPU
		Debug|Mixed Platforms = Debug|Mixed Platforms
		Debug|x86 = Debug|x86
		Release|Any CPU = Release|Any CPU
		Release|Mixed Platforms = Release|Mixed Platforms
		Release|x86 = Release|x86
	EndGlobalSection
	GlobalSection(ProjectConfigurationPlatforms) = postSolution
		{417A5BB3-A377-4224-905F-0244E66A8587}.Debug|Any CPU.ActiveCfg = Debug|Any CPU
		{417A5BB3-A377-4224-905F-0244E66A8587}.Debug|Any CPU.Build.0 = Debug|Any CPU
		{417A5BB3-A377-4224-905F-0244E66A8587}.Debug|Mixed Platforms.ActiveCfg = Debug|Any CPU
		{417A5BB3-A377-4224-905F-0244E66A8587}.Debug|Mixed Platforms.Build.0 = Debug|Any CPU
		{417A5BB3-A377-4224-905F-0244E66A8587}.Debug|x86.ActiveCfg = Debug|Any CPU
		{417A5BB3-A377-4224-905F-0244E66A8587}.Release|Any CPU.ActiveCfg = Release|Any CPU
		{417A5BB3-A377-4224-905F-0244E66A8587}.Release|Any CPU.Build.0 = Release|Any CPU
		{417A5BB3-A377-4224-905F-0244E66A8587}.Release|Mixed Platforms.ActiveCfg = Release|Any CPU
		{417A5BB3-A377-4224-905F-0244E66A8587}.Release|Mixed Platforms.Build.0 = Release|Any CPU
		{417A5BB3-A377-4224-905F-0244E66A8587}.Release|x86.ActiveCfg = Release|Any CPU
		{B048855F-0739-4FB9-8141-052C7D5C0557}.Debug|Any CPU.ActiveCfg = Debug|Any CPU
		{B048855F-0739-4FB9-8141-052C7D5C0557}.Debug|Any CPU.Build.0 = Debug|Any CPU
		{B048855F-0739-4FB9-8141-052C7D5C0557}.Debug|Mixed Platforms.ActiveCfg = Debug|Any CPU
		{B048855F-0739-4FB9-8141-052C7D5C0557}.Debug|Mixed Platforms.Build.0 = Debug|Any CPU
		{B048855F-0739-4FB9-8141-052C7D5C0557}.Debug|x86.ActiveCfg = Debug|Any CPU
		{B048855F-0739-4FB9-8141-052C7D5C0557}.Release|Any CPU.ActiveCfg = Release|Any CPU
		{B048855F-0739-4FB9-8141-052C7D5C0557}.Release|Any CPU.Build.0 = Release|Any CPU
		{B048855F-0739-4FB9-8141-052C7D5C0557}.Release|Mixed Platforms.ActiveCfg = Release|Any CPU
		{B048855F-0739-4FB9-8141-052C7D5C0557}.Release|Mixed Platforms.Build.0 = Release|Any CPU
		{B048855F-0739-4FB9-8141-052C7D5C0557}.Release|x86.ActiveCfg = Release|Any CPU
		{B1D7C162-0A46-4DE4-A24C-55143C369497}.Debug|Any CPU.ActiveCfg = Debug|x86
		{B1D7C162-0A46-4DE4-A24C-55143C369497}.Debug|Mixed Platforms.ActiveCfg = Debug|x86
		{B1D7C162-0A46-4DE4-A24C-55143C369497}.Debug|Mixed Platforms.Build.0 = Debug|x86
		{B1D7C162-0A46-4DE4-A24C-55143C369497}.Debug|x86.ActiveCfg = Debug|x86
		{B1D7C162-0A46-4DE4-A24C-55143C369497}.Debug|x86.Build.0 = Debug|x86
		{B1D7C162-0A46-4DE4-A24C-55143C369497}.Release|Any CPU.ActiveCfg = Release|x86
		{B1D7C162-0A46-4DE4-A24C-55143C369497}.Release|Mixed Platforms.ActiveCfg = Release|x86
		{B1D7C162-0A46-4DE4-A24C-55143C369497}.Release|Mixed Platforms.Build.0 = Release|x86
		{B1D7C162-0A46-4DE4-A24C-55143C369497}.Release|x86.ActiveCfg = Release|x86
		{B1D7C162-0A46-4DE4-A24C-55143C369497}.Release|x86.Build.0 = Release|x86
	EndGlobalSection
	GlobalSection(SolutionProperties) = preSolution
		HideSolutionNode = FALSE
	EndGlobalSection
EndGlobal
