
Microsoft Visual Studio Solution File, Format Version 11.00
# Visual Studio 2010
Project("{FAE04EC0-301F-11D3-BF4B-00C04F79EFBC}") = "Dijkstra", "Dijkstra\Dijkstra.csproj", "{02CEA9A3-3EA5-407A-BC4E-8DCF2BC0C198}"
EndProject
Project("{FAE04EC0-301F-11D3-BF4B-00C04F79EFBC}") = "Dijkstra.Tests", "Dijkstra.Tests\Dijkstra.Tests.csproj", "{909DA745-1A08-4807-B52C-DE6DD9C5FB5B}"
EndProject
Project("{2150E333-8FDC-42A3-9474-1A3956D46DE8}") = "Solution Items", "Solution Items", "{D64625C9-F507-457D-B272-C00EC201DEA6}"
	ProjectSection(SolutionItems) = preProject
		Dijkstra.vsmdi = Dijkstra.vsmdi
		Local.testsettings = Local.testsettings
		TraceAndTestImpact.testsettings = TraceAndTestImpact.testsettings
	EndProjectSection
EndProject
Project("{FAE04EC0-301F-11D3-BF4B-00C04F79EFBC}") = "Dijkstra.Console", "Dijkstra.Console\Dijkstra.Console.csproj", "{28E702AC-E479-4440-91A4-75797EE4E5EE}"
EndProject
Global
	GlobalSection(TestCaseManagementSettings) = postSolution
		CategoryFile = Dijkstra.vsmdi
	EndGlobalSection
	GlobalSection(SolutionConfigurationPlatforms) = preSolution
		Debug|Any CPU = Debug|Any CPU
		Debug|Mixed Platforms = Debug|Mixed Platforms
		Debug|x86 = Debug|x86
		Release|Any CPU = Release|Any CPU
		Release|Mixed Platforms = Release|Mixed Platforms
		Release|x86 = Release|x86
	EndGlobalSection
	GlobalSection(ProjectConfigurationPlatforms) = postSolution
		{02CEA9A3-3EA5-407A-BC4E-8DCF2BC0C198}.Debug|Any CPU.ActiveCfg = Debug|Any CPU
		{02CEA9A3-3EA5-407A-BC4E-8DCF2BC0C198}.Debug|Any CPU.Build.0 = Debug|Any CPU
		{02CEA9A3-3EA5-407A-BC4E-8DCF2BC0C198}.Debug|Mixed Platforms.ActiveCfg = Debug|Any CPU
		{02CEA9A3-3EA5-407A-BC4E-8DCF2BC0C198}.Debug|Mixed Platforms.Build.0 = Debug|Any CPU
		{02CEA9A3-3EA5-407A-BC4E-8DCF2BC0C198}.Debug|x86.ActiveCfg = Debug|Any CPU
		{02CEA9A3-3EA5-407A-BC4E-8DCF2BC0C198}.Release|Any CPU.ActiveCfg = Release|Any CPU
		{02CEA9A3-3EA5-407A-BC4E-8DCF2BC0C198}.Release|Any CPU.Build.0 = Release|Any CPU
		{02CEA9A3-3EA5-407A-BC4E-8DCF2BC0C198}.Release|Mixed Platforms.ActiveCfg = Release|Any CPU
		{02CEA9A3-3EA5-407A-BC4E-8DCF2BC0C198}.Release|Mixed Platforms.Build.0 = Release|Any CPU
		{02CEA9A3-3EA5-407A-BC4E-8DCF2BC0C198}.Release|x86.ActiveCfg = Release|Any CPU
		{909DA745-1A08-4807-B52C-DE6DD9C5FB5B}.Debug|Any CPU.ActiveCfg = Debug|Any CPU
		{909DA745-1A08-4807-B52C-DE6DD9C5FB5B}.Debug|Any CPU.Build.0 = Debug|Any CPU
		{909DA745-1A08-4807-B52C-DE6DD9C5FB5B}.Debug|Mixed Platforms.ActiveCfg = Debug|Any CPU
		{909DA745-1A08-4807-B52C-DE6DD9C5FB5B}.Debug|Mixed Platforms.Build.0 = Debug|Any CPU
		{909DA745-1A08-4807-B52C-DE6DD9C5FB5B}.Debug|x86.ActiveCfg = Debug|Any CPU
		{909DA745-1A08-4807-B52C-DE6DD9C5FB5B}.Release|Any CPU.ActiveCfg = Release|Any CPU
		{909DA745-1A08-4807-B52C-DE6DD9C5FB5B}.Release|Any CPU.Build.0 = Release|Any CPU
		{909DA745-1A08-4807-B52C-DE6DD9C5FB5B}.Release|Mixed Platforms.ActiveCfg = Release|Any CPU
		{909DA745-1A08-4807-B52C-DE6DD9C5FB5B}.Release|Mixed Platforms.Build.0 = Release|Any CPU
		{909DA745-1A08-4807-B52C-DE6DD9C5FB5B}.Release|x86.ActiveCfg = Release|Any CPU
		{28E702AC-E479-4440-91A4-75797EE4E5EE}.Debug|Any CPU.ActiveCfg = Debug|x86
		{28E702AC-E479-4440-91A4-75797EE4E5EE}.Debug|Mixed Platforms.ActiveCfg = Debug|x86
		{28E702AC-E479-4440-91A4-75797EE4E5EE}.Debug|Mixed Platforms.Build.0 = Debug|x86
		{28E702AC-E479-4440-91A4-75797EE4E5EE}.Debug|x86.ActiveCfg = Debug|x86
		{28E702AC-E479-4440-91A4-75797EE4E5EE}.Debug|x86.Build.0 = Debug|x86
		{28E702AC-E479-4440-91A4-75797EE4E5EE}.Release|Any CPU.ActiveCfg = Release|x86
		{28E702AC-E479-4440-91A4-75797EE4E5EE}.Release|Mixed Platforms.ActiveCfg = Release|x86
		{28E702AC-E479-4440-91A4-75797EE4E5EE}.Release|Mixed Platforms.Build.0 = Release|x86
		{28E702AC-E479-4440-91A4-75797EE4E5EE}.Release|x86.ActiveCfg = Release|x86
		{28E702AC-E479-4440-91A4-75797EE4E5EE}.Release|x86.Build.0 = Release|x86
	EndGlobalSection
	GlobalSection(SolutionProperties) = preSolution
		HideSolutionNode = FALSE
	EndGlobalSection
EndGlobal
