
Microsoft Visual Studio Solution File, Format Version 12.00
# Visual Studio 2012
Project("{FAE04EC0-301F-11D3-BF4B-00C04F79EFBC}") = "StandingOvation", "StandingOvation\StandingOvation.csproj", "{F33CBADC-DD45-4B27-80C1-A60ADBAFC4F9}"
EndProject
Project("{FAE04EC0-301F-11D3-BF4B-00C04F79EFBC}") = "StandingOvation.Tests", "StandingOvation.Tests\StandingOvation.Tests.csproj", "{5913AF92-2814-4B26-97CA-EEA78813F067}"
EndProject
Project("{FAE04EC0-301F-11D3-BF4B-00C04F79EFBC}") = "StandingOvation.Console", "StandingOvation.Console\StandingOvation.Console.csproj", "{0E246D43-854F-4636-80B8-56B24E16D0E7}"
EndProject
Global
	GlobalSection(SolutionConfigurationPlatforms) = preSolution
		Debug|Any CPU = Debug|Any CPU
		Release|Any CPU = Release|Any CPU
	EndGlobalSection
	GlobalSection(ProjectConfigurationPlatforms) = postSolution
		{F33CBADC-DD45-4B27-80C1-A60ADBAFC4F9}.Debug|Any CPU.ActiveCfg = Debug|Any CPU
		{F33CBADC-DD45-4B27-80C1-A60ADBAFC4F9}.Debug|Any CPU.Build.0 = Debug|Any CPU
		{F33CBADC-DD45-4B27-80C1-A60ADBAFC4F9}.Release|Any CPU.ActiveCfg = Release|Any CPU
		{F33CBADC-DD45-4B27-80C1-A60ADBAFC4F9}.Release|Any CPU.Build.0 = Release|Any CPU
		{5913AF92-2814-4B26-97CA-EEA78813F067}.Debug|Any CPU.ActiveCfg = Debug|Any CPU
		{5913AF92-2814-4B26-97CA-EEA78813F067}.Debug|Any CPU.Build.0 = Debug|Any CPU
		{5913AF92-2814-4B26-97CA-EEA78813F067}.Release|Any CPU.ActiveCfg = Release|Any CPU
		{5913AF92-2814-4B26-97CA-EEA78813F067}.Release|Any CPU.Build.0 = Release|Any CPU
		{0E246D43-854F-4636-80B8-56B24E16D0E7}.Debug|Any CPU.ActiveCfg = Debug|Any CPU
		{0E246D43-854F-4636-80B8-56B24E16D0E7}.Debug|Any CPU.Build.0 = Debug|Any CPU
		{0E246D43-854F-4636-80B8-56B24E16D0E7}.Release|Any CPU.ActiveCfg = Release|Any CPU
		{0E246D43-854F-4636-80B8-56B24E16D0E7}.Release|Any CPU.Build.0 = Release|Any CPU
	EndGlobalSection
	GlobalSection(SolutionProperties) = preSolution
		HideSolutionNode = FALSE
	EndGlobalSection
EndGlobal
